
Microsoft Visual Studio Solution File, Format Version 12.00
# Visual Studio 14
VisualStudioVersion = 14.0.25123.0
MinimumVisualStudioVersion = 10.0.40219.1
Project("{930C7802-8A8C-48F9-8165-68863BCCD9DD}") = "01_SetupProject1", "SetupProject1\01_SetupProject1.wixproj", "{1BCBCC4F-C959-4AFD-AF15-8AD199EC9AEE}"
EndProject
Project("{FAE04EC0-301F-11D3-BF4B-00C04F79EFBC}") = "02_MyConsoleApp", "MyConsoleApp\02_MyConsoleApp.csproj", "{EC67FC55-35A9-4147-840B-84292903FC4B}"
EndProject
Project("{930C7802-8A8C-48F9-8165-68863BCCD9DD}") = "03_ConsoleAppInstaller", "03_ConsoleAppInstaller\03_ConsoleAppInstaller.wixproj", "{B46CA50D-1F30-4C9F-9691-8ADD1C15E07B}"
EndProject
Project("{FAE04EC0-301F-11D3-BF4B-00C04F79EFBC}") = "04_TestApplication", "04_TestApplication\04_TestApplication.csproj", "{81428C82-0496-47BE-BA2F-7AD14EFF5BC9}"
EndProject
Project("{930C7802-8A8C-48F9-8165-68863BCCD9DD}") = "05_SetupLibraryInstaller", "05_SetupLibraryInstaller\05_SetupLibraryInstaller.wixproj", "{3691B5A4-F045-4CB3-B8D7-8B85C3FAE185}"
EndProject
Project("{930C7802-8A8C-48F9-8165-68863BCCD9DD}") = "06_MySetupLibrary", "06_MySetupLibrary\06_MySetupLibrary.wixproj", "{D5F11028-562D-4524-869A-E415E5015F6C}"
EndProject
Project("{930C7802-8A8C-48F9-8165-68863BCCD9DD}") = "07_DirectoryInstaller", "07_DirectoryInstaller\07_DirectoryInstaller.wixproj", "{126F3E7F-54D8-4153-80A7-1D87F9C70973}"
EndProject
Project("{930C7802-8A8C-48F9-8165-68863BCCD9DD}") = "08_FileInstaller", "08_FileInstaller\08_FileInstaller.wixproj", "{79B27783-CC6E-4A4D-B76F-A7E405765323}"
EndProject
Global
	GlobalSection(SolutionConfigurationPlatforms) = preSolution
		CD_ROM|Any CPU = CD_ROM|Any CPU
		CD_ROM|x86 = CD_ROM|x86
		Debug|Any CPU = Debug|Any CPU
		Debug|x86 = Debug|x86
		DVD-5|Any CPU = DVD-5|Any CPU
		DVD-5|x86 = DVD-5|x86
		Release|Any CPU = Release|Any CPU
		Release|x86 = Release|x86
		SingleImage|Any CPU = SingleImage|Any CPU
		SingleImage|x86 = SingleImage|x86
	EndGlobalSection
	GlobalSection(ProjectConfigurationPlatforms) = postSolution
		{1BCBCC4F-C959-4AFD-AF15-8AD199EC9AEE}.CD_ROM|Any CPU.ActiveCfg = Release|x86
		{1BCBCC4F-C959-4AFD-AF15-8AD199EC9AEE}.CD_ROM|Any CPU.Build.0 = Release|x86
		{1BCBCC4F-C959-4AFD-AF15-8AD199EC9AEE}.CD_ROM|x86.ActiveCfg = Release|x86
		{1BCBCC4F-C959-4AFD-AF15-8AD199EC9AEE}.CD_ROM|x86.Build.0 = Release|x86
		{1BCBCC4F-C959-4AFD-AF15-8AD199EC9AEE}.Debug|Any CPU.ActiveCfg = Debug|x86
		{1BCBCC4F-C959-4AFD-AF15-8AD199EC9AEE}.Debug|x86.ActiveCfg = Debug|x86
		{1BCBCC4F-C959-4AFD-AF15-8AD199EC9AEE}.Debug|x86.Build.0 = Debug|x86
		{1BCBCC4F-C959-4AFD-AF15-8AD199EC9AEE}.DVD-5|Any CPU.ActiveCfg = Release|x86
		{1BCBCC4F-C959-4AFD-AF15-8AD199EC9AEE}.DVD-5|Any CPU.Build.0 = Release|x86
		{1BCBCC4F-C959-4AFD-AF15-8AD199EC9AEE}.DVD-5|x86.ActiveCfg = Debug|x86
		{1BCBCC4F-C959-4AFD-AF15-8AD199EC9AEE}.DVD-5|x86.Build.0 = Debug|x86
		{1BCBCC4F-C959-4AFD-AF15-8AD199EC9AEE}.Release|Any CPU.ActiveCfg = Release|x86
		{1BCBCC4F-C959-4AFD-AF15-8AD199EC9AEE}.Release|x86.ActiveCfg = Release|x86
		{1BCBCC4F-C959-4AFD-AF15-8AD199EC9AEE}.Release|x86.Build.0 = Release|x86
		{1BCBCC4F-C959-4AFD-AF15-8AD199EC9AEE}.SingleImage|Any CPU.ActiveCfg = Release|x86
		{1BCBCC4F-C959-4AFD-AF15-8AD199EC9AEE}.SingleImage|Any CPU.Build.0 = Release|x86
		{1BCBCC4F-C959-4AFD-AF15-8AD199EC9AEE}.SingleImage|x86.ActiveCfg = Release|x86
		{1BCBCC4F-C959-4AFD-AF15-8AD199EC9AEE}.SingleImage|x86.Build.0 = Release|x86
		{EC67FC55-35A9-4147-840B-84292903FC4B}.CD_ROM|Any CPU.ActiveCfg = Release|Any CPU
		{EC67FC55-35A9-4147-840B-84292903FC4B}.CD_ROM|Any CPU.Build.0 = Release|Any CPU
		{EC67FC55-35A9-4147-840B-84292903FC4B}.CD_ROM|x86.ActiveCfg = Release|Any CPU
		{EC67FC55-35A9-4147-840B-84292903FC4B}.CD_ROM|x86.Build.0 = Release|Any CPU
		{EC67FC55-35A9-4147-840B-84292903FC4B}.Debug|Any CPU.ActiveCfg = Debug|Any CPU
		{EC67FC55-35A9-4147-840B-84292903FC4B}.Debug|Any CPU.Build.0 = Debug|Any CPU
		{EC67FC55-35A9-4147-840B-84292903FC4B}.Debug|x86.ActiveCfg = Debug|Any CPU
		{EC67FC55-35A9-4147-840B-84292903FC4B}.Debug|x86.Build.0 = Debug|Any CPU
		{EC67FC55-35A9-4147-840B-84292903FC4B}.DVD-5|Any CPU.ActiveCfg = Debug|Any CPU
		{EC67FC55-35A9-4147-840B-84292903FC4B}.DVD-5|Any CPU.Build.0 = Debug|Any CPU
		{EC67FC55-35A9-4147-840B-84292903FC4B}.DVD-5|x86.ActiveCfg = Debug|Any CPU
		{EC67FC55-35A9-4147-840B-84292903FC4B}.DVD-5|x86.Build.0 = Debug|Any CPU
		{EC67FC55-35A9-4147-840B-84292903FC4B}.Release|Any CPU.ActiveCfg = Release|Any CPU
		{EC67FC55-35A9-4147-840B-84292903FC4B}.Release|Any CPU.Build.0 = Release|Any CPU
		{EC67FC55-35A9-4147-840B-84292903FC4B}.Release|x86.ActiveCfg = Release|Any CPU
		{EC67FC55-35A9-4147-840B-84292903FC4B}.Release|x86.Build.0 = Release|Any CPU
		{EC67FC55-35A9-4147-840B-84292903FC4B}.SingleImage|Any CPU.ActiveCfg = Release|Any CPU
		{EC67FC55-35A9-4147-840B-84292903FC4B}.SingleImage|Any CPU.Build.0 = Release|Any CPU
		{EC67FC55-35A9-4147-840B-84292903FC4B}.SingleImage|x86.ActiveCfg = Release|Any CPU
		{EC67FC55-35A9-4147-840B-84292903FC4B}.SingleImage|x86.Build.0 = Release|Any CPU
		{B46CA50D-1F30-4C9F-9691-8ADD1C15E07B}.CD_ROM|Any CPU.ActiveCfg = Release|x86
		{B46CA50D-1F30-4C9F-9691-8ADD1C15E07B}.CD_ROM|Any CPU.Build.0 = Release|x86
		{B46CA50D-1F30-4C9F-9691-8ADD1C15E07B}.CD_ROM|x86.ActiveCfg = Release|x86
		{B46CA50D-1F30-4C9F-9691-8ADD1C15E07B}.CD_ROM|x86.Build.0 = Release|x86
		{B46CA50D-1F30-4C9F-9691-8ADD1C15E07B}.Debug|Any CPU.ActiveCfg = Debug|x86
		{B46CA50D-1F30-4C9F-9691-8ADD1C15E07B}.Debug|x86.ActiveCfg = Debug|x86
		{B46CA50D-1F30-4C9F-9691-8ADD1C15E07B}.Debug|x86.Build.0 = Debug|x86
		{B46CA50D-1F30-4C9F-9691-8ADD1C15E07B}.DVD-5|Any CPU.ActiveCfg = Release|x86
		{B46CA50D-1F30-4C9F-9691-8ADD1C15E07B}.DVD-5|Any CPU.Build.0 = Release|x86
		{B46CA50D-1F30-4C9F-9691-8ADD1C15E07B}.DVD-5|x86.ActiveCfg = Debug|x86
		{B46CA50D-1F30-4C9F-9691-8ADD1C15E07B}.DVD-5|x86.Build.0 = Debug|x86
		{B46CA50D-1F30-4C9F-9691-8ADD1C15E07B}.Release|Any CPU.ActiveCfg = Release|x86
		{B46CA50D-1F30-4C9F-9691-8ADD1C15E07B}.Release|x86.ActiveCfg = Release|x86
		{B46CA50D-1F30-4C9F-9691-8ADD1C15E07B}.Release|x86.Build.0 = Release|x86
		{B46CA50D-1F30-4C9F-9691-8ADD1C15E07B}.SingleImage|Any CPU.ActiveCfg = Release|x86
		{B46CA50D-1F30-4C9F-9691-8ADD1C15E07B}.SingleImage|Any CPU.Build.0 = Release|x86
		{B46CA50D-1F30-4C9F-9691-8ADD1C15E07B}.SingleImage|x86.ActiveCfg = Release|x86
		{B46CA50D-1F30-4C9F-9691-8ADD1C15E07B}.SingleImage|x86.Build.0 = Release|x86
		{81428C82-0496-47BE-BA2F-7AD14EFF5BC9}.CD_ROM|Any CPU.ActiveCfg = Release|Any CPU
		{81428C82-0496-47BE-BA2F-7AD14EFF5BC9}.CD_ROM|Any CPU.Build.0 = Release|Any CPU
		{81428C82-0496-47BE-BA2F-7AD14EFF5BC9}.CD_ROM|x86.ActiveCfg = Release|Any CPU
		{81428C82-0496-47BE-BA2F-7AD14EFF5BC9}.CD_ROM|x86.Build.0 = Release|Any CPU
		{81428C82-0496-47BE-BA2F-7AD14EFF5BC9}.Debug|Any CPU.ActiveCfg = Debug|Any CPU
		{81428C82-0496-47BE-BA2F-7AD14EFF5BC9}.Debug|Any CPU.Build.0 = Debug|Any CPU
		{81428C82-0496-47BE-BA2F-7AD14EFF5BC9}.Debug|x86.ActiveCfg = Debug|Any CPU
		{81428C82-0496-47BE-BA2F-7AD14EFF5BC9}.Debug|x86.Build.0 = Debug|Any CPU
		{81428C82-0496-47BE-BA2F-7AD14EFF5BC9}.DVD-5|Any CPU.ActiveCfg = Debug|Any CPU
		{81428C82-0496-47BE-BA2F-7AD14EFF5BC9}.DVD-5|Any CPU.Build.0 = Debug|Any CPU
		{81428C82-0496-47BE-BA2F-7AD14EFF5BC9}.DVD-5|x86.ActiveCfg = Debug|Any CPU
		{81428C82-0496-47BE-BA2F-7AD14EFF5BC9}.DVD-5|x86.Build.0 = Debug|Any CPU
		{81428C82-0496-47BE-BA2F-7AD14EFF5BC9}.Release|Any CPU.ActiveCfg = Release|Any CPU
		{81428C82-0496-47BE-BA2F-7AD14EFF5BC9}.Release|Any CPU.Build.0 = Release|Any CPU
		{81428C82-0496-47BE-BA2F-7AD14EFF5BC9}.Release|x86.ActiveCfg = Release|Any CPU
		{81428C82-0496-47BE-BA2F-7AD14EFF5BC9}.Release|x86.Build.0 = Release|Any CPU
		{81428C82-0496-47BE-BA2F-7AD14EFF5BC9}.SingleImage|Any CPU.ActiveCfg = Release|Any CPU
		{81428C82-0496-47BE-BA2F-7AD14EFF5BC9}.SingleImage|Any CPU.Build.0 = Release|Any CPU
		{81428C82-0496-47BE-BA2F-7AD14EFF5BC9}.SingleImage|x86.ActiveCfg = Release|Any CPU
		{81428C82-0496-47BE-BA2F-7AD14EFF5BC9}.SingleImage|x86.Build.0 = Release|Any CPU
		{3691B5A4-F045-4CB3-B8D7-8B85C3FAE185}.CD_ROM|Any CPU.ActiveCfg = Release|x86
		{3691B5A4-F045-4CB3-B8D7-8B85C3FAE185}.CD_ROM|Any CPU.Build.0 = Release|x86
		{3691B5A4-F045-4CB3-B8D7-8B85C3FAE185}.CD_ROM|x86.ActiveCfg = Release|x86
		{3691B5A4-F045-4CB3-B8D7-8B85C3FAE185}.CD_ROM|x86.Build.0 = Release|x86
		{3691B5A4-F045-4CB3-B8D7-8B85C3FAE185}.Debug|Any CPU.ActiveCfg = Debug|x86
		{3691B5A4-F045-4CB3-B8D7-8B85C3FAE185}.Debug|x86.ActiveCfg = Debug|x86
		{3691B5A4-F045-4CB3-B8D7-8B85C3FAE185}.Debug|x86.Build.0 = Debug|x86
		{3691B5A4-F045-4CB3-B8D7-8B85C3FAE185}.DVD-5|Any CPU.ActiveCfg = Release|x86
		{3691B5A4-F045-4CB3-B8D7-8B85C3FAE185}.DVD-5|Any CPU.Build.0 = Release|x86
		{3691B5A4-F045-4CB3-B8D7-8B85C3FAE185}.DVD-5|x86.ActiveCfg = Debug|x86
		{3691B5A4-F045-4CB3-B8D7-8B85C3FAE185}.DVD-5|x86.Build.0 = Debug|x86
		{3691B5A4-F045-4CB3-B8D7-8B85C3FAE185}.Release|Any CPU.ActiveCfg = Release|x86
		{3691B5A4-F045-4CB3-B8D7-8B85C3FAE185}.Release|x86.ActiveCfg = Release|x86
		{3691B5A4-F045-4CB3-B8D7-8B85C3FAE185}.Release|x86.Build.0 = Release|x86
		{3691B5A4-F045-4CB3-B8D7-8B85C3FAE185}.SingleImage|Any CPU.ActiveCfg = Release|x86
		{3691B5A4-F045-4CB3-B8D7-8B85C3FAE185}.SingleImage|Any CPU.Build.0 = Release|x86
		{3691B5A4-F045-4CB3-B8D7-8B85C3FAE185}.SingleImage|x86.ActiveCfg = Release|x86
		{3691B5A4-F045-4CB3-B8D7-8B85C3FAE185}.SingleImage|x86.Build.0 = Release|x86
		{D5F11028-562D-4524-869A-E415E5015F6C}.CD_ROM|Any CPU.ActiveCfg = Release|x86
		{D5F11028-562D-4524-869A-E415E5015F6C}.CD_ROM|Any CPU.Build.0 = Release|x86
		{D5F11028-562D-4524-869A-E415E5015F6C}.CD_ROM|x86.ActiveCfg = Release|x86
		{D5F11028-562D-4524-869A-E415E5015F6C}.CD_ROM|x86.Build.0 = Release|x86
		{D5F11028-562D-4524-869A-E415E5015F6C}.Debug|Any CPU.ActiveCfg = Debug|x86
		{D5F11028-562D-4524-869A-E415E5015F6C}.Debug|x86.ActiveCfg = Debug|x86
		{D5F11028-562D-4524-869A-E415E5015F6C}.Debug|x86.Build.0 = Debug|x86
		{D5F11028-562D-4524-869A-E415E5015F6C}.DVD-5|Any CPU.ActiveCfg = Release|x86
		{D5F11028-562D-4524-869A-E415E5015F6C}.DVD-5|Any CPU.Build.0 = Release|x86
		{D5F11028-562D-4524-869A-E415E5015F6C}.DVD-5|x86.ActiveCfg = Debug|x86
		{D5F11028-562D-4524-869A-E415E5015F6C}.DVD-5|x86.Build.0 = Debug|x86
		{D5F11028-562D-4524-869A-E415E5015F6C}.Release|Any CPU.ActiveCfg = Release|x86
		{D5F11028-562D-4524-869A-E415E5015F6C}.Release|x86.ActiveCfg = Release|x86
		{D5F11028-562D-4524-869A-E415E5015F6C}.Release|x86.Build.0 = Release|x86
		{D5F11028-562D-4524-869A-E415E5015F6C}.SingleImage|Any CPU.ActiveCfg = Release|x86
		{D5F11028-562D-4524-869A-E415E5015F6C}.SingleImage|Any CPU.Build.0 = Release|x86
		{D5F11028-562D-4524-869A-E415E5015F6C}.SingleImage|x86.ActiveCfg = Release|x86
		{D5F11028-562D-4524-869A-E415E5015F6C}.SingleImage|x86.Build.0 = Release|x86
		{126F3E7F-54D8-4153-80A7-1D87F9C70973}.CD_ROM|Any CPU.ActiveCfg = Release|x86
		{126F3E7F-54D8-4153-80A7-1D87F9C70973}.CD_ROM|Any CPU.Build.0 = Release|x86
		{126F3E7F-54D8-4153-80A7-1D87F9C70973}.CD_ROM|x86.ActiveCfg = Release|x86
		{126F3E7F-54D8-4153-80A7-1D87F9C70973}.CD_ROM|x86.Build.0 = Release|x86
		{126F3E7F-54D8-4153-80A7-1D87F9C70973}.Debug|Any CPU.ActiveCfg = Debug|x86
		{126F3E7F-54D8-4153-80A7-1D87F9C70973}.Debug|x86.ActiveCfg = Debug|x86
		{126F3E7F-54D8-4153-80A7-1D87F9C70973}.Debug|x86.Build.0 = Debug|x86
		{126F3E7F-54D8-4153-80A7-1D87F9C70973}.DVD-5|Any CPU.ActiveCfg = Release|x86
		{126F3E7F-54D8-4153-80A7-1D87F9C70973}.DVD-5|Any CPU.Build.0 = Release|x86
		{126F3E7F-54D8-4153-80A7-1D87F9C70973}.DVD-5|x86.ActiveCfg = Debug|x86
		{126F3E7F-54D8-4153-80A7-1D87F9C70973}.DVD-5|x86.Build.0 = Debug|x86
		{126F3E7F-54D8-4153-80A7-1D87F9C70973}.Release|Any CPU.ActiveCfg = Release|x86
		{126F3E7F-54D8-4153-80A7-1D87F9C70973}.Release|x86.ActiveCfg = Release|x86
		{126F3E7F-54D8-4153-80A7-1D87F9C70973}.Release|x86.Build.0 = Release|x86
		{126F3E7F-54D8-4153-80A7-1D87F9C70973}.SingleImage|Any CPU.ActiveCfg = Release|x86
		{126F3E7F-54D8-4153-80A7-1D87F9C70973}.SingleImage|Any CPU.Build.0 = Release|x86
		{126F3E7F-54D8-4153-80A7-1D87F9C70973}.SingleImage|x86.ActiveCfg = Release|x86
		{126F3E7F-54D8-4153-80A7-1D87F9C70973}.SingleImage|x86.Build.0 = Release|x86
		{79B27783-CC6E-4A4D-B76F-A7E405765323}.CD_ROM|Any CPU.ActiveCfg = Release|x86
		{79B27783-CC6E-4A4D-B76F-A7E405765323}.CD_ROM|Any CPU.Build.0 = Release|x86
		{79B27783-CC6E-4A4D-B76F-A7E405765323}.CD_ROM|x86.ActiveCfg = Release|x86
		{79B27783-CC6E-4A4D-B76F-A7E405765323}.CD_ROM|x86.Build.0 = Release|x86
		{79B27783-CC6E-4A4D-B76F-A7E405765323}.Debug|Any CPU.ActiveCfg = Debug|x86
		{79B27783-CC6E-4A4D-B76F-A7E405765323}.Debug|x86.ActiveCfg = Debug|x86
		{79B27783-CC6E-4A4D-B76F-A7E405765323}.Debug|x86.Build.0 = Debug|x86
		{79B27783-CC6E-4A4D-B76F-A7E405765323}.DVD-5|Any CPU.ActiveCfg = Release|x86
		{79B27783-CC6E-4A4D-B76F-A7E405765323}.DVD-5|Any CPU.Build.0 = Release|x86
		{79B27783-CC6E-4A4D-B76F-A7E405765323}.DVD-5|x86.ActiveCfg = Debug|x86
		{79B27783-CC6E-4A4D-B76F-A7E405765323}.DVD-5|x86.Build.0 = Debug|x86
		{79B27783-CC6E-4A4D-B76F-A7E405765323}.Release|Any CPU.ActiveCfg = Release|x86
		{79B27783-CC6E-4A4D-B76F-A7E405765323}.Release|x86.ActiveCfg = Release|x86
		{79B27783-CC6E-4A4D-B76F-A7E405765323}.Release|x86.Build.0 = Release|x86
		{79B27783-CC6E-4A4D-B76F-A7E405765323}.SingleImage|Any CPU.ActiveCfg = Release|x86
		{79B27783-CC6E-4A4D-B76F-A7E405765323}.SingleImage|Any CPU.Build.0 = Release|x86
		{79B27783-CC6E-4A4D-B76F-A7E405765323}.SingleImage|x86.ActiveCfg = Release|x86
		{79B27783-CC6E-4A4D-B76F-A7E405765323}.SingleImage|x86.Build.0 = Release|x86
	EndGlobalSection
	GlobalSection(SolutionProperties) = preSolution
		HideSolutionNode = FALSE
	EndGlobalSection
EndGlobal
